
Microsoft Visual Studio Solution File, Format Version 12.00
Project("{FAE04EC0-301F-11D3-BF4B-00C04F79EFBC}") = "lootboxSimulator", "lootboxSimulator\lootboxSimulator.csproj", "{CAD996B5-79CB-4F7E-B85A-3A17BBB3559E}"
EndProject
Global
	GlobalSection(SolutionConfigurationPlatforms) = preSolution
		Debug|Any CPU = Debug|Any CPU
		Release|Any CPU = Release|Any CPU
	EndGlobalSection
	GlobalSection(ProjectConfigurationPlatforms) = postSolution
		{CAD996B5-79CB-4F7E-B85A-3A17BBB3559E}.Debug|Any CPU.ActiveCfg = Debug|Any CPU
		{CAD996B5-79CB-4F7E-B85A-3A17BBB3559E}.Debug|Any CPU.Build.0 = Debug|Any CPU
		{CAD996B5-79CB-4F7E-B85A-3A17BBB3559E}.Release|Any CPU.ActiveCfg = Release|Any CPU
		{CAD996B5-79CB-4F7E-B85A-3A17BBB3559E}.Release|Any CPU.Build.0 = Release|Any CPU
	EndGlobalSection
EndGlobal
