Microsoft Visual Studio Solution File, Format Version 12.00
# Visual Studio Version 17
VisualStudioVersion = 17.5.2.0
MinimumVisualStudioVersion = 10.0.40219.1
Project("{FAE04EC0-301F-11D3-BF4B-00C04F79EFBC}") = "lootboxSimulator", "lootboxSimulator.csproj", "{7211364F-D01C-32A4-4666-AEFA14764174}"
EndProject
Global
	GlobalSection(SolutionConfigurationPlatforms) = preSolution
		Debug|Any CPU = Debug|Any CPU
		Release|Any CPU = Release|Any CPU
	EndGlobalSection
	GlobalSection(ProjectConfigurationPlatforms) = postSolution
		{7211364F-D01C-32A4-4666-AEFA14764174}.Debug|Any CPU.ActiveCfg = Debug|Any CPU
		{7211364F-D01C-32A4-4666-AEFA14764174}.Debug|Any CPU.Build.0 = Debug|Any CPU
		{7211364F-D01C-32A4-4666-AEFA14764174}.Release|Any CPU.ActiveCfg = Release|Any CPU
		{7211364F-D01C-32A4-4666-AEFA14764174}.Release|Any CPU.Build.0 = Release|Any CPU
	EndGlobalSection
	GlobalSection(SolutionProperties) = preSolution
		HideSolutionNode = FALSE
	EndGlobalSection
	GlobalSection(ExtensibilityGlobals) = postSolution
		SolutionGuid = {9F57D799-568B-45A4-8959-1255904C2651}
	EndGlobalSection
EndGlobal
